
Microsoft Visual Studio Solution File, Format Version 12.00
# Visual Studio Version 16
VisualStudioVersion = 16.0.30204.135
MinimumVisualStudioVersion = 10.0.40219.1
Project("{9A19103F-16F7-4668-BE54-9A1E7A4F7556}") = "OdeToFood", "OdeToFood\OdeToFood.csproj", "{C870AF9C-9225-435F-8445-EB670EA2E017}"
EndProject
Project("{9A19103F-16F7-4668-BE54-9A1E7A4F7556}") = "OdeToFood.Core", "OdeToFood.Core\OdeToFood.Core.csproj", "{AD984462-3AF0-46E3-A33B-DFA550FEB0EC}"
EndProject
Project("{FAE04EC0-301F-11D3-BF4B-00C04F79EFBC}") = "OdeToFood.Data", "OdeToFood.Data\OdeToFood.Data.csproj", "{FF97901F-C3CB-45F7-A862-71E11E352CD3}"
EndProject
Global
	GlobalSection(SolutionConfigurationPlatforms) = preSolution
		Debug|Any CPU = Debug|Any CPU
		Release|Any CPU = Release|Any CPU
	EndGlobalSection
	GlobalSection(ProjectConfigurationPlatforms) = postSolution
		{C870AF9C-9225-435F-8445-EB670EA2E017}.Debug|Any CPU.ActiveCfg = Debug|Any CPU
		{C870AF9C-9225-435F-8445-EB670EA2E017}.Debug|Any CPU.Build.0 = Debug|Any CPU
		{C870AF9C-9225-435F-8445-EB670EA2E017}.Release|Any CPU.ActiveCfg = Release|Any CPU
		{C870AF9C-9225-435F-8445-EB670EA2E017}.Release|Any CPU.Build.0 = Release|Any CPU
		{AD984462-3AF0-46E3-A33B-DFA550FEB0EC}.Debug|Any CPU.ActiveCfg = Debug|Any CPU
		{AD984462-3AF0-46E3-A33B-DFA550FEB0EC}.Debug|Any CPU.Build.0 = Debug|Any CPU
		{AD984462-3AF0-46E3-A33B-DFA550FEB0EC}.Release|Any CPU.ActiveCfg = Release|Any CPU
		{AD984462-3AF0-46E3-A33B-DFA550FEB0EC}.Release|Any CPU.Build.0 = Release|Any CPU
		{FF97901F-C3CB-45F7-A862-71E11E352CD3}.Debug|Any CPU.ActiveCfg = Debug|Any CPU
		{FF97901F-C3CB-45F7-A862-71E11E352CD3}.Debug|Any CPU.Build.0 = Debug|Any CPU
		{FF97901F-C3CB-45F7-A862-71E11E352CD3}.Release|Any CPU.ActiveCfg = Release|Any CPU
		{FF97901F-C3CB-45F7-A862-71E11E352CD3}.Release|Any CPU.Build.0 = Release|Any CPU
	EndGlobalSection
	GlobalSection(SolutionProperties) = preSolution
		HideSolutionNode = FALSE
	EndGlobalSection
	GlobalSection(ExtensibilityGlobals) = postSolution
		SolutionGuid = {71261700-63CF-42C5-A03B-F1C46AEBDD5D}
	EndGlobalSection
EndGlobal
